{
  "requires": true,
  "lockfileVersion": 1,
  "dependencies": {
    "@babel/code-frame": {
      "version": "7.12.13",
      "resolved": "https://registry.npmjs.org/@babel/code-frame/-/code-frame-7.12.13.tgz",
      "integrity": "sha512-HV1Cm0Q3ZrpCR93tkWOYiuYIgLxZXZFVG2VgK+MBWjUqZTundupbfx2aXarXuw5Ko5aMcjtJgbSs4vUGBS5v6g==",
      "dev": true,
      "requires": {
        "@babel/highlight": "^7.12.13"
      }
    },
    "@babel/generator": {
      "version": "7.13.0",
      "resolved": "https://registry.npmjs.org/@babel/generator/-/generator-7.13.0.tgz",
      "integrity": "sha512-zBZfgvBB/ywjx0Rgc2+BwoH/3H+lDtlgD4hBOpEv5LxRnYsm/753iRuLepqnYlynpjC3AdQxtxsoeHJoEEwOAw==",
      "dev": true,
      "requires": {
        "@babel/types": "^7.13.0",
        "jsesc": "^2.5.1",
        "source-map": "^0.5.0"
      }
    },
    "@babel/helper-function-name": {
      "version": "7.12.13",
      "resolved": "https://registry.npmjs.org/@babel/helper-function-name/-/helper-function-name-7.12.13.tgz",
      "integrity": "sha512-TZvmPn0UOqmvi5G4vvw0qZTpVptGkB1GL61R6lKvrSdIxGm5Pky7Q3fpKiIkQCAtRCBUwB0PaThlx9vebCDSwA==",
      "dev": true,
      "requires": {
        "@babel/helper-get-function-arity": "^7.12.13",
        "@babel/template": "^7.12.13",
        "@babel/types": "^7.12.13"
      }
    },
    "@babel/helper-get-function-arity": {
      "version": "7.12.13",
      "resolved": "https://registry.npmjs.org/@babel/helper-get-function-arity/-/helper-get-function-arity-7.12.13.tgz",
      "integrity": "sha512-DjEVzQNz5LICkzN0REdpD5prGoidvbdYk1BVgRUOINaWJP2t6avB27X1guXK1kXNrX0WMfsrm1A/ZBthYuIMQg==",
      "dev": true,
      "requires": {
        "@babel/types": "^7.12.13"
      }
    },
    "@babel/helper-split-export-declaration": {
      "version": "7.12.13",
      "resolved": "https://registry.npmjs.org/@babel/helper-split-export-declaration/-/helper-split-export-declaration-7.12.13.tgz",
      "integrity": "sha512-tCJDltF83htUtXx5NLcaDqRmknv652ZWCHyoTETf1CXYJdPC7nohZohjUgieXhv0hTJdRf2FjDueFehdNucpzg==",
      "dev": true,
      "requires": {
        "@babel/types": "^7.12.13"
      }
    },
    "@babel/helper-validator-identifier": {
      "version": "7.12.11",
      "resolved": "https://registry.npmjs.org/@babel/helper-validator-identifier/-/helper-validator-identifier-7.12.11.tgz",
      "integrity": "sha512-np/lG3uARFybkoHokJUmf1QfEvRVCPbmQeUQpKow5cQ3xWrV9i3rUHodKDJPQfTVX61qKi+UdYk8kik84n7XOw==",
      "dev": true
    },
    "@babel/highlight": {
      "version": "7.13.8",
      "resolved": "https://registry.npmjs.org/@babel/highlight/-/highlight-7.13.8.tgz",
      "integrity": "sha512-4vrIhfJyfNf+lCtXC2ck1rKSzDwciqF7IWFhXXrSOUC2O5DrVp+w4c6ed4AllTxhTkUP5x2tYj41VaxdVMMRDw==",
      "dev": true,
      "requires": {
        "@babel/helper-validator-identifier": "^7.12.11",
        "chalk": "^2.0.0",
        "js-tokens": "^4.0.0"
      },
      "dependencies": {
        "chalk": {
          "version": "2.4.2",
          "resolved": "https://registry.npmjs.org/chalk/-/chalk-2.4.2.tgz",
          "integrity": "sha512-Mti+f9lpJNcwF4tWV8/OrTTtF1gZi+f8FqlyAdouralcFWFQWF2+NgCHShjkCb+IFBLq9buZwE1xckQU4peSuQ==",
          "dev": true,
          "requires": {
            "ansi-styles": "^3.2.1",
            "escape-string-regexp": "^1.0.5",
            "supports-color": "^5.3.0"
          }
        }
      }
    },
    "@babel/parser": {
      "version": "7.13.4",
      "resolved": "https://registry.npmjs.org/@babel/parser/-/parser-7.13.4.tgz",
      "integrity": "sha512-uvoOulWHhI+0+1f9L4BoozY7U5cIkZ9PgJqvb041d6vypgUmtVPG4vmGm4pSggjl8BELzvHyUeJSUyEMY6b+qA==",
      "dev": true
    },
    "@babel/template": {
      "version": "7.12.13",
      "resolved": "https://registry.npmjs.org/@babel/template/-/template-7.12.13.tgz",
      "integrity": "sha512-/7xxiGA57xMo/P2GVvdEumr8ONhFOhfgq2ihK3h1e6THqzTAkHbkXgB0xI9yeTfIUoH3+oAeHhqm/I43OTbbjA==",
      "dev": true,
      "requires": {
        "@babel/code-frame": "^7.12.13",
        "@babel/parser": "^7.12.13",
        "@babel/types": "^7.12.13"
      }
    },
    "@babel/traverse": {
      "version": "7.13.0",
      "resolved": "https://registry.npmjs.org/@babel/traverse/-/traverse-7.13.0.tgz",
      "integrity": "sha512-xys5xi5JEhzC3RzEmSGrs/b3pJW/o87SypZ+G/PhaE7uqVQNv/jlmVIBXuoh5atqQ434LfXV+sf23Oxj0bchJQ==",
      "dev": true,
      "requires": {
        "@babel/code-frame": "^7.12.13",
        "@babel/generator": "^7.13.0",
        "@babel/helper-function-name": "^7.12.13",
        "@babel/helper-split-export-declaration": "^7.12.13",
        "@babel/parser": "^7.13.0",
        "@babel/types": "^7.13.0",
        "debug": "^4.1.0",
        "globals": "^11.1.0",
        "lodash": "^4.17.19"
      }
    },
    "@babel/types": {
      "version": "7.13.0",
      "resolved": "https://registry.npmjs.org/@babel/types/-/types-7.13.0.tgz",
      "integrity": "sha512-hE+HE8rnG1Z6Wzo+MhaKE5lM5eMx71T4EHJgku2E3xIfaULhDcxiiRxUYgwX8qwP1BBSlag+TdGOt6JAidIZTA==",
      "dev": true,
      "requires": {
        "@babel/helper-validator-identifier": "^7.12.11",
        "lodash": "^4.17.19",
        "to-fast-properties": "^2.0.0"
      }
    },
    "@webassemblyjs/ast": {
      "version": "1.9.0",
      "resolved": "https://registry.npmjs.org/@webassemblyjs/ast/-/ast-1.9.0.tgz",
      "integrity": "sha512-C6wW5L+b7ogSDVqymbkkvuW9kruN//YisMED04xzeBBqjHa2FYnmvOlS6Xj68xWQRgWvI9cIglsjFowH/RJyEA==",
      "dev": true,
      "requires": {
        "@webassemblyjs/helper-module-context": "1.9.0",
        "@webassemblyjs/helper-wasm-bytecode": "1.9.0",
        "@webassemblyjs/wast-parser": "1.9.0"
      }
    },
    "@webassemblyjs/floating-point-hex-parser": {
      "version": "1.9.0",
      "resolved": "https://registry.npmjs.org/@webassemblyjs/floating-point-hex-parser/-/floating-point-hex-parser-1.9.0.tgz",
      "integrity": "sha512-TG5qcFsS8QB4g4MhrxK5TqfdNe7Ey/7YL/xN+36rRjl/BlGE/NcBvJcqsRgCP6Z92mRE+7N50pRIi8SmKUbcQA==",
      "dev": true
    },
    "@webassemblyjs/helper-api-error": {
      "version": "1.9.0",
      "resolved": "https://registry.npmjs.org/@webassemblyjs/helper-api-error/-/helper-api-error-1.9.0.tgz",
      "integrity": "sha512-NcMLjoFMXpsASZFxJ5h2HZRcEhDkvnNFOAKneP5RbKRzaWJN36NC4jqQHKwStIhGXu5mUWlUUk7ygdtrO8lbmw==",
      "dev": true
    },
    "@webassemblyjs/helper-code-frame": {
      "version": "1.9.0",
      "resolved": "https://registry.npmjs.org/@webassemblyjs/helper-code-frame/-/helper-code-frame-1.9.0.tgz",
      "integrity": "sha512-ERCYdJBkD9Vu4vtjUYe8LZruWuNIToYq/ME22igL+2vj2dQ2OOujIZr3MEFvfEaqKoVqpsFKAGsRdBSBjrIvZA==",
      "dev": true,
      "requires": {
        "@webassemblyjs/wast-printer": "1.9.0"
      }
    },
    "@webassemblyjs/helper-fsm": {
      "version": "1.9.0",
      "resolved": "https://registry.npmjs.org/@webassemblyjs/helper-fsm/-/helper-fsm-1.9.0.tgz",
      "integrity": "sha512-OPRowhGbshCb5PxJ8LocpdX9Kl0uB4XsAjl6jH/dWKlk/mzsANvhwbiULsaiqT5GZGT9qinTICdj6PLuM5gslw==",
      "dev": true
    },
    "@webassemblyjs/helper-module-context": {
      "version": "1.9.0",
      "resolved": "https://registry.npmjs.org/@webassemblyjs/helper-module-context/-/helper-module-context-1.9.0.tgz",
      "integrity": "sha512-MJCW8iGC08tMk2enck1aPW+BE5Cw8/7ph/VGZxwyvGbJwjktKkDK7vy7gAmMDx88D7mhDTCNKAW5tED+gZ0W8g==",
      "dev": true,
      "requires": {
        "@webassemblyjs/ast": "1.9.0"
      }
    },
    "@webassemblyjs/helper-wasm-bytecode": {
      "version": "1.9.0",
      "resolved": "https://registry.npmjs.org/@webassemblyjs/helper-wasm-bytecode/-/helper-wasm-bytecode-1.9.0.tgz",
      "integrity": "sha512-R7FStIzyNcd7xKxCZH5lE0Bqy+hGTwS3LJjuv1ZVxd9O7eHCedSdrId/hMOd20I+v8wDXEn+bjfKDLzTepoaUw==",
      "dev": true
    },
    "@webassemblyjs/wast-parser": {
      "version": "1.9.0",
      "resolved": "https://registry.npmjs.org/@webassemblyjs/wast-parser/-/wast-parser-1.9.0.tgz",
      "integrity": "sha512-qsqSAP3QQ3LyZjNC/0jBJ/ToSxfYJ8kYyuiGvtn/8MK89VrNEfwj7BPQzJVHi0jGTRK2dGdJ5PRqhtjzoww+bw==",
      "dev": true,
      "requires": {
        "@webassemblyjs/ast": "1.9.0",
        "@webassemblyjs/floating-point-hex-parser": "1.9.0",
        "@webassemblyjs/helper-api-error": "1.9.0",
        "@webassemblyjs/helper-code-frame": "1.9.0",
        "@webassemblyjs/helper-fsm": "1.9.0",
        "@xtuc/long": "4.2.2"
      }
    },
    "@webassemblyjs/wast-printer": {
      "version": "1.9.0",
      "resolved": "https://registry.npmjs.org/@webassemblyjs/wast-printer/-/wast-printer-1.9.0.tgz",
      "integrity": "sha512-2J0nE95rHXHyQ24cWjMKJ1tqB/ds8z/cyeOZxJhcb+rW+SQASVjuznUSmdz5GpVJTzU8JkhYut0D3siFDD6wsA==",
      "dev": true,
      "requires": {
        "@webassemblyjs/ast": "1.9.0",
        "@webassemblyjs/wast-parser": "1.9.0",
        "@xtuc/long": "4.2.2"
      }
    },
    "@xtuc/long": {
      "version": "4.2.2",
      "resolved": "https://registry.npmjs.org/@xtuc/long/-/long-4.2.2.tgz",
      "integrity": "sha512-NuHqBY1PB/D8xU6s/thBgOAiAP7HOYDQ32+BFZILJ8ivkUkAHQnWfn6WhL79Owj1qmUnoN/YPhktdIoucipkAQ==",
      "dev": true
    },
    "ansi-styles": {
      "version": "3.2.1",
      "resolved": "https://registry.npmjs.org/ansi-styles/-/ansi-styles-3.2.1.tgz",
      "integrity": "sha512-VT0ZI6kZRdTh8YyJw3SMbYm/u+NqfsAxEpWO0Pf9sq8/e94WxxOpPKx9FR1FlyCtOVDNOQ+8ntlqFxiRc+r5qA==",
      "dev": true,
      "requires": {
        "color-convert": "^1.9.0"
      }
    },
    "color-convert": {
      "version": "1.9.3",
      "resolved": "https://registry.npmjs.org/color-convert/-/color-convert-1.9.3.tgz",
      "integrity": "sha512-QfAUtd+vFdAtFQcC8CCyYt1fYWxSqAiK2cSD6zDB8N3cpsEBAvRxp9zOGg6G/SHHJYAT88/az/IuDGALsNVbGg==",
      "dev": true,
      "requires": {
        "color-name": "1.1.3"
      }
    },
    "color-name": {
      "version": "1.1.3",
      "resolved": "https://registry.npmjs.org/color-name/-/color-name-1.1.3.tgz",
      "integrity": "sha1-p9BVi9icQveV3UIyj3QIMcpTvCU=",
      "dev": true
    },
    "core-util-is": {
      "version": "1.0.2",
      "resolved": "https://registry.npmjs.org/core-util-is/-/core-util-is-1.0.2.tgz",
      "integrity": "sha1-tf1UIgqivFq1eqtxQMlAdUUDwac=",
      "dev": true
    },
    "debug": {
      "version": "4.3.1",
      "resolved": "https://registry.npmjs.org/debug/-/debug-4.3.1.tgz",
      "integrity": "sha512-doEwdvm4PCeK4K3RQN2ZC2BYUBaxwLARCqZmMjtF8a51J2Rb0xpVloFRnCODwqjpwnAoao4pelN8l3RJdv3gRQ==",
      "dev": true,
      "requires": {
        "ms": "2.1.2"
      }
    },
    "escape-string-regexp": {
      "version": "1.0.5",
      "resolved": "https://registry.npmjs.org/escape-string-regexp/-/escape-string-regexp-1.0.5.tgz",
      "integrity": "sha1-G2HAViGQqN/2rjuyzwIAyhMLhtQ=",
      "dev": true
    },
    "globals": {
      "version": "11.12.0",
      "resolved": "https://registry.npmjs.org/globals/-/globals-11.12.0.tgz",
      "integrity": "sha512-WOBp/EEGUiIsJSp7wcv/y6MO+lV9UoncWqxuFfm8eBwzWNgyfBd6Gz+IeKQ9jCmyhoH99g15M3T+QaVHFjizVA==",
      "dev": true
    },
    "has-flag": {
      "version": "3.0.0",
      "resolved": "https://registry.npmjs.org/has-flag/-/has-flag-3.0.0.tgz",
      "integrity": "sha1-tdRU3CGZriJWmfNGfloH87lVuv0=",
      "dev": true
    },
    "inherits": {
      "version": "2.0.4",
      "resolved": "https://registry.npmjs.org/inherits/-/inherits-2.0.4.tgz",
      "integrity": "sha512-k/vGaX4/Yla3WzyMCvTQOXYeIHvqOKtnqBduzTHpzpQZzAskKMhZ2K+EnBiSM9zGSoIFeMpXKxa4dYeZIQqewQ==",
      "dev": true
    },
    "invariant": {
      "version": "2.2.4",
      "resolved": "https://registry.npmjs.org/invariant/-/invariant-2.2.4.tgz",
      "integrity": "sha512-phJfQVBuaJM5raOpJjSfkiD6BpbCE4Ns//LaXl6wGYtUBY83nWS6Rf9tXm2e8VaK60JEjYldbPif/A2B1C2gNA==",
      "dev": true,
      "requires": {
        "loose-envify": "^1.0.0"
      }
    },
    "js-tokens": {
      "version": "4.0.0",
      "resolved": "https://registry.npmjs.org/js-tokens/-/js-tokens-4.0.0.tgz",
      "integrity": "sha512-RdJUflcE3cUzKiMqQgsCu06FPu9UdIJO0beYbPhHN4k6apgJtifcoCtT9bcxOpYBtpD2kCM6Sbzg4CausW/PKQ==",
      "dev": true
    },
    "jsesc": {
      "version": "2.5.2",
      "resolved": "https://registry.npmjs.org/jsesc/-/jsesc-2.5.2.tgz",
      "integrity": "sha512-OYu7XEzjkCQ3C5Ps3QIZsQfNpqoJyZZA99wd9aWd05NCtC5pWOkShK2mkL6HXQR6/Cy2lbNdPlZBpuQHXE63gA==",
      "dev": true
    },
    "lodash": {
      "version": "4.17.21",
      "resolved": "https://registry.npmjs.org/lodash/-/lodash-4.17.21.tgz",
      "integrity": "sha512-v2kDEe57lecTulaDIuNTPy3Ry4gLGJ6Z1O3vE1krgXZNrsQ+LFTGHVxVjcXPs17LhbZVGedAJv8XZ1tvj5FvSg==",
      "dev": true
    },
    "loose-envify": {
      "version": "1.4.0",
      "resolved": "https://registry.npmjs.org/loose-envify/-/loose-envify-1.4.0.tgz",
      "integrity": "sha512-lyuxPGr/Wfhrlem2CL/UcnUc1zcqKAImBDzukY7Y5F/yQiNdko6+fRLevlw1HgMySw7f611UIY408EtxRSoK3Q==",
      "dev": true,
      "requires": {
        "js-tokens": "^3.0.0 || ^4.0.0"
      }
    },
    "metro-source-map": {
      "version": "0.59.0",
      "resolved": "https://registry.npmjs.org/metro-source-map/-/metro-source-map-0.59.0.tgz",
      "integrity": "sha512-0w5CmCM+ybSqXIjqU4RiK40t4bvANL6lafabQ2GP2XD3vSwkLY+StWzCtsb4mPuyi9R/SgoLBel+ZOXHXAH0eQ==",
      "dev": true,
      "requires": {
        "@babel/traverse": "^7.0.0",
        "@babel/types": "^7.0.0",
        "invariant": "^2.2.4",
        "metro-symbolicate": "0.59.0",
        "ob1": "0.59.0",
        "source-map": "^0.5.6",
        "vlq": "^1.0.0"
      }
    },
    "metro-symbolicate": {
      "version": "0.59.0",
      "resolved": "https://registry.npmjs.org/metro-symbolicate/-/metro-symbolicate-0.59.0.tgz",
      "integrity": "sha512-asLaF2A7rndrToGFIknL13aiohwPJ95RKHf0NM3hP/nipiLDoMzXT6ZnQvBqDxkUKyP+51AI75DMtb+Wcyw4Bw==",
      "dev": true,
      "requires": {
        "invariant": "^2.2.4",
        "metro-source-map": "0.59.0",
        "source-map": "^0.5.6",
        "through2": "^2.0.1",
        "vlq": "^1.0.0"
      }
    },
    "ms": {
      "version": "2.1.2",
      "resolved": "https://registry.npmjs.org/ms/-/ms-2.1.2.tgz",
      "integrity": "sha512-sGkPx+VjMtmA6MX27oA4FBFELFCZZ4S4XqeGOXCv68tT+jb3vk/RyaKWP0PTKyWtmLSM0b+adUTEvbs1PEaH2w==",
      "dev": true
    },
    "ob1": {
      "version": "0.59.0",
      "resolved": "https://registry.npmjs.org/ob1/-/ob1-0.59.0.tgz",
      "integrity": "sha512-opXMTxyWJ9m68ZglCxwo0OPRESIC/iGmKFPXEXzMZqsVIrgoRXOHmoMDkQzz4y3irVjbyPJRAh5pI9fd0MJTFQ==",
      "dev": true
    },
    "process-nextick-args": {
      "version": "2.0.1",
      "resolved": "https://registry.npmjs.org/process-nextick-args/-/process-nextick-args-2.0.1.tgz",
      "integrity": "sha512-3ouUOpQhtgrbOa17J7+uxOTpITYWaGP7/AhoR3+A+/1e9skrzelGi/dXzEYyvbxubEF6Wn2ypscTKiKJFFn1ag==",
      "dev": true
    },
    "readable-stream": {
      "version": "2.3.7",
      "resolved": "https://registry.npmjs.org/readable-stream/-/readable-stream-2.3.7.tgz",
      "integrity": "sha512-Ebho8K4jIbHAxnuxi7o42OrZgF/ZTNcsZj6nRKyUmkhLFq8CHItp/fy6hQZuZmP/n3yZ9VBUbp4zz/mX8hmYPw==",
      "dev": true,
      "requires": {
        "core-util-is": "~1.0.0",
        "inherits": "~2.0.3",
        "isarray": "~1.0.0",
        "process-nextick-args": "~2.0.0",
        "safe-buffer": "~5.1.1",
        "string_decoder": "~1.1.1",
        "util-deprecate": "~1.0.1"
      },
      "dependencies": {
        "isarray": {
          "version": "1.0.0",
          "resolved": "https://registry.npmjs.org/isarray/-/isarray-1.0.0.tgz",
          "integrity": "sha1-u5NdSFgsuhaMBoNJV6VKPgcSTxE=",
          "dev": true
        }
      }
    },
    "safe-buffer": {
      "version": "5.1.2",
      "resolved": "https://registry.npmjs.org/safe-buffer/-/safe-buffer-5.1.2.tgz",
      "integrity": "sha512-Gd2UZBJDkXlY7GbJxfsE8/nvKkUEU1G38c1siN6QP6a9PT9MmHB8GnpscSmMJSoF8LOIrt8ud/wPtojys4G6+g==",
      "dev": true
    },
    "source-map": {
      "version": "0.5.7",
      "resolved": "https://registry.npmjs.org/source-map/-/source-map-0.5.7.tgz",
      "integrity": "sha1-igOdLRAh0i0eoUyA2OpGi6LvP8w=",
      "dev": true
    },
    "string_decoder": {
      "version": "1.1.1",
      "resolved": "https://registry.npmjs.org/string_decoder/-/string_decoder-1.1.1.tgz",
      "integrity": "sha512-n/ShnvDi6FHbbVfviro+WojiFzv+s8MPMHBczVePfUpDJLwoLT0ht1l4YwBCbi8pJAveEEdnkHyPyTP/mzRfwg==",
      "dev": true,
      "requires": {
        "safe-buffer": "~5.1.0"
      }
    },
    "supports-color": {
      "version": "5.5.0",
      "resolved": "https://registry.npmjs.org/supports-color/-/supports-color-5.5.0.tgz",
      "integrity": "sha512-QjVjwdXIt408MIiAqCX4oUKsgU2EqAGzs2Ppkm4aQYbjm+ZEWEcW4SfFNTr4uMNZma0ey4f5lgLrkB0aX0QMow==",
      "dev": true,
      "requires": {
        "has-flag": "^3.0.0"
      }
    },
    "through2": {
      "version": "2.0.5",
      "resolved": "https://registry.npmjs.org/through2/-/through2-2.0.5.tgz",
      "integrity": "sha512-/mrRod8xqpA+IHSLyGCQ2s8SPHiCDEeQJSep1jqLYeEUClOFG2Qsh+4FU6G9VeqpZnGW/Su8LQGc4YKni5rYSQ==",
      "dev": true,
      "requires": {
        "readable-stream": "~2.3.6",
        "xtend": "~4.0.1"
      }
    },
    "to-fast-properties": {
      "version": "2.0.0",
      "resolved": "https://registry.npmjs.org/to-fast-properties/-/to-fast-properties-2.0.0.tgz",
      "integrity": "sha1-3F5pjL0HkmW8c+A3doGk5Og/YW4=",
      "dev": true
    },
    "util-deprecate": {
      "version": "1.0.2",
      "resolved": "https://registry.npmjs.org/util-deprecate/-/util-deprecate-1.0.2.tgz",
      "integrity": "sha1-RQ1Nyfpw3nMnYvvS1KKJgUGaDM8=",
      "dev": true
    },
    "vlq": {
      "version": "1.0.1",
      "resolved": "https://registry.npmjs.org/vlq/-/vlq-1.0.1.tgz",
      "integrity": "sha512-gQpnTgkubC6hQgdIcRdYGDSDc+SaujOdyesZQMv6JlfQee/9Mp0Qhnys6WxDWvQnL5WZdT7o2Ul187aSt0Rq+w==",
      "dev": true
    },
    "xtend": {
      "version": "4.0.2",
      "resolved": "https://registry.npmjs.org/xtend/-/xtend-4.0.2.tgz",
      "integrity": "sha512-LKYU1iAXJXUgAXn9URjiu+MWhyUXHsvfp7mcuYm9dSUKK0/CjtrUwFAxD82/mCWbtLsGjFIad0wIsod4zrTAEQ==",
      "dev": true
    }
  }
}
